<?xml version="1.0" encoding="utf-8"?>
<Project ToolsVersion="4.0" xmlns="http://schemas.microsoft.com/developer/msbuild/2003">
  <ItemGroup>
    <Filter Include="Source Files">
      <UniqueIdentifier>{4FC737F1-C7A5-4376-A066-2A32D752A2FF}</UniqueIdentifier>
      <Extensions>cpp;c;cc;cxx;c++;cppm;ixx;def;odl;idl;hpj;bat;asm;asmx</Extensions>
    </Filter>
    <Filter Include="Header Files">
      <UniqueIdentifier>{93995380-89BD-4b04-88EB-625FBE52EBFB}</UniqueIdentifier>
      <Extensions>h;hh;hpp;hxx;h++;hm;inl;inc;ipp;xsd</Extensions>
    </Filter>
    <Filter Include="Resource Files">
      <UniqueIdentifier>{67DA6AB6-F800-4c08-8B7A-83BB121AAD01}</UniqueIdentifier>
      <Extensions>rc;ico;cur;bmp;dlg;rc2;rct;bin;rgs;gif;jpg;jpeg;jpe;resx;tiff;tif;png;wav;mfcribbon-ms</Extensions>
    </Filter>
    <Filter Include="ChromiumBrowsers">
      <UniqueIdentifier>{833a2ceb-c5d9-4a3e-bfe2-06451636ac35}</UniqueIdentifier>
    </Filter>
    <Filter Include="FireFoxBrowser">
      <UniqueIdentifier>{00a38f5e-4e48-4613-939b-dc89afa42dea}</UniqueIdentifier>
    </Filter>
    <Filter Include="SQLoot">
      <UniqueIdentifier>{b8d57ecb-1165-4b18-9f37-d519c1219b60}</UniqueIdentifier>
    </Filter>
  </ItemGroup>
  <ItemGroup>
    <ClCompile Include="Main.cpp">
      <Filter>Source Files</Filter>
    </ClCompile>
    <ClCompile Include="InjectDllIntoChromium.cpp">
      <Filter>ChromiumBrowsers</Filter>
    </ClCompile>
    <ClCompile Include="ExtractChromiumData.cpp">
      <Filter>ChromiumBrowsers</Filter>
    </ClCompile>
    <ClCompile Include="ExtractFireFoxData.cpp">
      <Filter>FireFoxBrowser</Filter>
    </ClCompile>
    <ClCompile Include="FormatOutput.cpp">
      <Filter>Source Files</Filter>
    </ClCompile>
    <ClCompile Include="ChromiumProcCreation.cpp">
      <Filter>ChromiumBrowsers</Filter>
    </ClCompile>
    <ClCompile Include="CsrssRegistration.cpp">
      <Filter>ChromiumBrowsers</Filter>
    </ClCompile>
    <ClCompile Include="Utilities.cpp">
      <Filter>Source Files</Filter>
    </ClCompile>
    <ClCompile Include="HandleEncryptedOutput.cpp">
      <Filter>Source Files</Filter>
    </ClCompile>
    <ClCompile Include="SQLoot\SQLoot.c">
      <Filter>SQLoot</Filter>
    </ClCompile>
  </ItemGroup>
  <ItemGroup>
    <ClInclude Include="Resource.h">
      <Filter>Header Files</Filter>
    </ClInclude>
    <ClInclude Include="Headers.h">
      <Filter>Header Files</Filter>
    </ClInclude>
    <ClInclude Include="CsrssRegistration.h">
      <Filter>Header Files</Filter>
    </ClInclude>
    <ClInclude Include="SQLoot\SQLoot.h">
      <Filter>SQLoot</Filter>
    </ClInclude>
  </ItemGroup>
  <ItemGroup>
    <ResourceCompile Include="Resource.rc">
      <Filter>Resource Files</Filter>
    </ResourceCompile>
  </ItemGroup>
</Project>