
Microsoft Visual Studio Solution File, Format Version 12.00
# Visual Studio Version 17
VisualStudioVersion = 17.14.36705.20
MinimumVisualStudioVersion = 10.0.40219.1
Project("{8BC9CEB8-8B4A-11D0-8D11-00A0C91BC942}") = "DumpBrowserSecrets", "DumpBrowserSecrets\DumpBrowserSecrets.vcxproj", "{D8AB0A47-3EF9-4AC8-94B5-4DC32E47383E}"
	ProjectSection(ProjectDependencies) = postProject
		{B3D8F9BE-65D6-4F41-A1E5-CCAFCC9594B6} = {B3D8F9BE-65D6-4F41-A1E5-CCAFCC9594B6}
	EndProjectSection
EndProject
Project("{8BC9CEB8-8B4A-11D0-8D11-00A0C91BC942}") = "DllExtractChromiumSecrets", "DllExtractChromiumSecrets\DllExtractChromiumSecrets.vcxproj", "{B3D8F9BE-65D6-4F41-A1E5-CCAFCC9594B6}"
EndProject
Project("{8BC9CEB8-8B4A-11D0-8D11-00A0C91BC942}") = "Common", "Common\Common.vcxitems", "{10EB88F9-BC64-4974-94F1-F1D3EBC932D3}"
EndProject
Project("{888888A0-9F3D-457C-B088-3A5042F75D52}") = "Fnv1aHasher", "Fnv1aHasher\Fnv1aHasher.pyproj", "{C52424F7-0EEA-4ACF-843D-C407FF66E37E}"
EndProject
Global
	GlobalSection(SolutionConfigurationPlatforms) = preSolution
		Debug|Any CPU = Debug|Any CPU
		Debug|x64 = Debug|x64
		Debug|x86 = Debug|x86
		DebuggingRelease|Any CPU = DebuggingRelease|Any CPU
		DebuggingRelease|x64 = DebuggingRelease|x64
		DebuggingRelease|x86 = DebuggingRelease|x86
		Release|Any CPU = Release|Any CPU
		Release|x64 = Release|x64
		Release|x86 = Release|x86
	EndGlobalSection
	GlobalSection(ProjectConfigurationPlatforms) = postSolution
		{D8AB0A47-3EF9-4AC8-94B5-4DC32E47383E}.Debug|Any CPU.ActiveCfg = Debug|x64
		{D8AB0A47-3EF9-4AC8-94B5-4DC32E47383E}.Debug|Any CPU.Build.0 = Debug|x64
		{D8AB0A47-3EF9-4AC8-94B5-4DC32E47383E}.Debug|x64.ActiveCfg = Debug|x64
		{D8AB0A47-3EF9-4AC8-94B5-4DC32E47383E}.Debug|x64.Build.0 = Debug|x64
		{D8AB0A47-3EF9-4AC8-94B5-4DC32E47383E}.Debug|x86.ActiveCfg = Debug|Win32
		{D8AB0A47-3EF9-4AC8-94B5-4DC32E47383E}.Debug|x86.Build.0 = Debug|Win32
		{D8AB0A47-3EF9-4AC8-94B5-4DC32E47383E}.DebuggingRelease|Any CPU.ActiveCfg = DebuggingRelease|x64
		{D8AB0A47-3EF9-4AC8-94B5-4DC32E47383E}.DebuggingRelease|Any CPU.Build.0 = DebuggingRelease|x64
		{D8AB0A47-3EF9-4AC8-94B5-4DC32E47383E}.DebuggingRelease|x64.ActiveCfg = DebuggingRelease|x64
		{D8AB0A47-3EF9-4AC8-94B5-4DC32E47383E}.DebuggingRelease|x64.Build.0 = DebuggingRelease|x64
		{D8AB0A47-3EF9-4AC8-94B5-4DC32E47383E}.DebuggingRelease|x86.ActiveCfg = DebuggingRelease|Win32
		{D8AB0A47-3EF9-4AC8-94B5-4DC32E47383E}.DebuggingRelease|x86.Build.0 = DebuggingRelease|Win32
		{D8AB0A47-3EF9-4AC8-94B5-4DC32E47383E}.Release|Any CPU.ActiveCfg = Release|x64
		{D8AB0A47-3EF9-4AC8-94B5-4DC32E47383E}.Release|Any CPU.Build.0 = Release|x64
		{D8AB0A47-3EF9-4AC8-94B5-4DC32E47383E}.Release|x64.ActiveCfg = Release|x64
		{D8AB0A47-3EF9-4AC8-94B5-4DC32E47383E}.Release|x64.Build.0 = Release|x64
		{D8AB0A47-3EF9-4AC8-94B5-4DC32E47383E}.Release|x86.ActiveCfg = Release|Win32
		{D8AB0A47-3EF9-4AC8-94B5-4DC32E47383E}.Release|x86.Build.0 = Release|Win32
		{B3D8F9BE-65D6-4F41-A1E5-CCAFCC9594B6}.Debug|Any CPU.ActiveCfg = Debug|x64
		{B3D8F9BE-65D6-4F41-A1E5-CCAFCC9594B6}.Debug|Any CPU.Build.0 = Debug|x64
		{B3D8F9BE-65D6-4F41-A1E5-CCAFCC9594B6}.Debug|x64.ActiveCfg = Debug|x64
		{B3D8F9BE-65D6-4F41-A1E5-CCAFCC9594B6}.Debug|x64.Build.0 = Debug|x64
		{B3D8F9BE-65D6-4F41-A1E5-CCAFCC9594B6}.Debug|x86.ActiveCfg = Debug|Win32
		{B3D8F9BE-65D6-4F41-A1E5-CCAFCC9594B6}.Debug|x86.Build.0 = Debug|Win32
		{B3D8F9BE-65D6-4F41-A1E5-CCAFCC9594B6}.DebuggingRelease|Any CPU.ActiveCfg = DebuggingRelease|x64
		{B3D8F9BE-65D6-4F41-A1E5-CCAFCC9594B6}.DebuggingRelease|Any CPU.Build.0 = DebuggingRelease|x64
		{B3D8F9BE-65D6-4F41-A1E5-CCAFCC9594B6}.DebuggingRelease|x64.ActiveCfg = DebuggingRelease|x64
		{B3D8F9BE-65D6-4F41-A1E5-CCAFCC9594B6}.DebuggingRelease|x64.Build.0 = DebuggingRelease|x64
		{B3D8F9BE-65D6-4F41-A1E5-CCAFCC9594B6}.DebuggingRelease|x86.ActiveCfg = DebuggingRelease|Win32
		{B3D8F9BE-65D6-4F41-A1E5-CCAFCC9594B6}.DebuggingRelease|x86.Build.0 = DebuggingRelease|Win32
		{B3D8F9BE-65D6-4F41-A1E5-CCAFCC9594B6}.Release|Any CPU.ActiveCfg = Release|x64
		{B3D8F9BE-65D6-4F41-A1E5-CCAFCC9594B6}.Release|Any CPU.Build.0 = Release|x64
		{B3D8F9BE-65D6-4F41-A1E5-CCAFCC9594B6}.Release|x64.ActiveCfg = Release|x64
		{B3D8F9BE-65D6-4F41-A1E5-CCAFCC9594B6}.Release|x64.Build.0 = Release|x64
		{B3D8F9BE-65D6-4F41-A1E5-CCAFCC9594B6}.Release|x86.ActiveCfg = Release|Win32
		{B3D8F9BE-65D6-4F41-A1E5-CCAFCC9594B6}.Release|x86.Build.0 = Release|Win32
		{C52424F7-0EEA-4ACF-843D-C407FF66E37E}.Debug|Any CPU.ActiveCfg = Debug|Any CPU
		{C52424F7-0EEA-4ACF-843D-C407FF66E37E}.Debug|x64.ActiveCfg = Debug|Any CPU
		{C52424F7-0EEA-4ACF-843D-C407FF66E37E}.Debug|x86.ActiveCfg = Debug|Any CPU
		{C52424F7-0EEA-4ACF-843D-C407FF66E37E}.DebuggingRelease|Any CPU.ActiveCfg = DebuggingRelease|Any CPU
		{C52424F7-0EEA-4ACF-843D-C407FF66E37E}.DebuggingRelease|x64.ActiveCfg = DebuggingRelease|Any CPU
		{C52424F7-0EEA-4ACF-843D-C407FF66E37E}.DebuggingRelease|x86.ActiveCfg = DebuggingRelease|Any CPU
		{C52424F7-0EEA-4ACF-843D-C407FF66E37E}.Release|Any CPU.ActiveCfg = Release|Any CPU
		{C52424F7-0EEA-4ACF-843D-C407FF66E37E}.Release|x64.ActiveCfg = Release|Any CPU
		{C52424F7-0EEA-4ACF-843D-C407FF66E37E}.Release|x86.ActiveCfg = Release|Any CPU
	EndGlobalSection
	GlobalSection(SolutionProperties) = preSolution
		HideSolutionNode = FALSE
	EndGlobalSection
	GlobalSection(ExtensibilityGlobals) = postSolution
		SolutionGuid = {F8B46E04-C4A0-4212-B163-38644FA1E3A4}
	EndGlobalSection
	GlobalSection(SharedMSBuildProjectFiles) = preSolution
		Common\Common.vcxitems*{10eb88f9-bc64-4974-94f1-f1d3ebc932d3}*SharedItemsImports = 9
		Common\Common.vcxitems*{b3d8f9be-65d6-4f41-a1e5-ccafcc9594b6}*SharedItemsImports = 4
		Common\Common.vcxitems*{d8ab0a47-3ef9-4ac8-94b5-4dc32e47383e}*SharedItemsImports = 4
	EndGlobalSection
EndGlobal
